// !$*UTF8*$!
{
	archiveVersion = 1;
	classes = {
	};
	objectVersion = 51;
	objects = {

/* Begin PBXBuildFile section */
		702BC11524861F3B0026DE4B /* AppDelegate.swift in Sources */ = {isa = PBXBuildFile; fileRef = 702BC11424861F3B0026DE4B /* AppDelegate.swift */; };
		702BC11724861F3B0026DE4B /* SceneDelegate.swift in Sources */ = {isa = PBXBuildFile; fileRef = 702BC11624861F3B0026DE4B /* SceneDelegate.swift */; };
		702BC11C24861F3B0026DE4B /* Main.storyboard in Resources */ = {isa = PBXBuildFile; fileRef = 702BC11A24861F3B0026DE4B /* Main.storyboard */; };
		702BC11E24861F400026DE4B /* Assets.xcassets in Resources */ = {isa = PBXBuildFile; fileRef = 702BC11D24861F400026DE4B /* Assets.xcassets */; };
		702BC12124861F400026DE4B /* LaunchScreen.storyboard in Resources */ = {isa = PBXBuildFile; fileRef = 702BC11F24861F400026DE4B /* LaunchScreen.storyboard */; };
		702BC12E248620F60026DE4B /* PokeBookController.swift in Sources */ = {isa = PBXBuildFile; fileRef = 702BC12D248620F60026DE4B /* PokeBookController.swift */; };
		702BC130248622040026DE4B /* Extensions.swift in Sources */ = {isa = PBXBuildFile; fileRef = 702BC12F248622040026DE4B /* Extensions.swift */; };
		702BC1322486234F0026DE4B /* PokemonCell.swift in Sources */ = {isa = PBXBuildFile; fileRef = 702BC1312486234F0026DE4B /* PokemonCell.swift */; };
		702BC134248626D70026DE4B /* PokemonService.swift in Sources */ = {isa = PBXBuildFile; fileRef = 702BC133248626D70026DE4B /* PokemonService.swift */; };
		702BC136248626EB0026DE4B /* Pokemon.swift in Sources */ = {isa = PBXBuildFile; fileRef = 702BC135248626EB0026DE4B /* Pokemon.swift */; };
		70CA7103248EA7850086F3E7 /* InfoView.swift in Sources */ = {isa = PBXBuildFile; fileRef = 70CA7102248EA7850086F3E7 /* InfoView.swift */; };
		70E3A6002493720A00D92AF5 /* PokemonDetailController.swift in Sources */ = {isa = PBXBuildFile; fileRef = 70E3A5FF2493720A00D92AF5 /* PokemonDetailController.swift */; };
		BF25942A5ED7CA6F4D9DDA97 /* Pods_pokeBook.framework in Frameworks */ = {isa = PBXBuildFile; fileRef = EF2D5ACFD1C27937635BE95B /* Pods_pokeBook.framework */; };
/* End PBXBuildFile section */

/* Begin PBXFileReference section */
		5EEF666157615E27F2B13D97 /* Pods-pokeBook.release.xcconfig */ = {isa = PBXFileReference; includeInIndex = 1; lastKnownFileType = text.xcconfig; name = "Pods-pokeBook.release.xcconfig"; path = "Target Support Files/Pods-pokeBook/Pods-pokeBook.release.xcconfig"; sourceTree = "<group>"; };
		702BC11124861F3B0026DE4B /* pokeBook.app */ = {isa = PBXFileReference; explicitFileType = wrapper.application; includeInIndex = 0; path = pokeBook.app; sourceTree = BUILT_PRODUCTS_DIR; };
		702BC11424861F3B0026DE4B /* AppDelegate.swift */ = {isa = PBXFileReference; lastKnownFileType = sourcecode.swift; path = AppDelegate.swift; sourceTree = "<group>"; };
		702BC11624861F3B0026DE4B /* SceneDelegate.swift */ = {isa = PBXFileReference; lastKnownFileType = sourcecode.swift; path = SceneDelegate.swift; sourceTree = "<group>"; };
		702BC11B24861F3B0026DE4B /* Base */ = {isa = PBXFileReference; lastKnownFileType = file.storyboard; name = Base; path = Base.lproj/Main.storyboard; sourceTree = "<group>"; };
		702BC11D24861F400026DE4B /* Assets.xcassets */ = {isa = PBXFileReference; lastKnownFileType = folder.assetcatalog; path = Assets.xcassets; sourceTree = "<group>"; };
		702BC12024861F400026DE4B /* Base */ = {isa = PBXFileReference; lastKnownFileType = file.storyboard; name = Base; path = Base.lproj/LaunchScreen.storyboard; sourceTree = "<group>"; };
		702BC12224861F400026DE4B /* Info.plist */ = {isa = PBXFileReference; lastKnownFileType = text.plist.xml; path = Info.plist; sourceTree = "<group>"; };
		702BC12D248620F60026DE4B /* PokeBookController.swift */ = {isa = PBXFileReference; lastKnownFileType = sourcecode.swift; path = PokeBookController.swift; sourceTree = "<group>"; };
		702BC12F248622040026DE4B /* Extensions.swift */ = {isa = PBXFileReference; lastKnownFileType = sourcecode.swift; path = Extensions.swift; sourceTree = "<group>"; };
		702BC1312486234F0026DE4B /* PokemonCell.swift */ = {isa = PBXFileReference; lastKnownFileType = sourcecode.swift; path = PokemonCell.swift; sourceTree = "<group>"; };
		702BC133248626D70026DE4B /* PokemonService.swift */ = {isa = PBXFileReference; lastKnownFileType = sourcecode.swift; path = PokemonService.swift; sourceTree = "<group>"; };
		702BC135248626EB0026DE4B /* Pokemon.swift */ = {isa = PBXFileReference; lastKnownFileType = sourcecode.swift; path = Pokemon.swift; sourceTree = "<group>"; };
		70CA7102248EA7850086F3E7 /* InfoView.swift */ = {isa = PBXFileReference; lastKnownFileType = sourcecode.swift; path = InfoView.swift; sourceTree = "<group>"; };
		70E3A5FF2493720A00D92AF5 /* PokemonDetailController.swift */ = {isa = PBXFileReference; lastKnownFileType = sourcecode.swift; path = PokemonDetailController.swift; sourceTree = "<group>"; };
		A81C10FB1EB5EFCB464B7FC1 /* Pods-pokeBook.debug.xcconfig */ = {isa = PBXFileReference; includeInIndex = 1; lastKnownFileType = text.xcconfig; name = "Pods-pokeBook.debug.xcconfig"; path = "Target Support Files/Pods-pokeBook/Pods-pokeBook.debug.xcconfig"; sourceTree = "<group>"; };
		EF2D5ACFD1C27937635BE95B /* Pods_pokeBook.framework */ = {isa = PBXFileReference; explicitFileType = wrapper.framework; includeInIndex = 0; path = Pods_pokeBook.framework; sourceTree = BUILT_PRODUCTS_DIR; };
/* End PBXFileReference section */

/* Begin PBXFrameworksBuildPhase section */
		702BC10E24861F3B0026DE4B /* Frameworks */ = {
			isa = PBXFrameworksBuildPhase;
			buildActionMask = 2147483647;
			files = (
				BF25942A5ED7CA6F4D9DDA97 /* Pods_pokeBook.framework in Frameworks */,
			);
			runOnlyForDeploymentPostprocessing = 0;
		};
/* End PBXFrameworksBuildPhase section */

/* Begin PBXGroup section */
		00E71FAFB84CA390C4EF288F /* Pods */ = {
			isa = PBXGroup;
			children = (
				A81C10FB1EB5EFCB464B7FC1 /* Pods-pokeBook.debug.xcconfig */,
				5EEF666157615E27F2B13D97 /* Pods-pokeBook.release.xcconfig */,
			);
			path = Pods;
			sourceTree = "<group>";
		};
		702BC10824861F3B0026DE4B = {
			isa = PBXGroup;
			children = (
				702BC11324861F3B0026DE4B /* pokeBook */,
				702BC11224861F3B0026DE4B /* Products */,
				00E71FAFB84CA390C4EF288F /* Pods */,
				AFB40840B8E6C8A1E69A4481 /* Frameworks */,
			);
			sourceTree = "<group>";
		};
		702BC11224861F3B0026DE4B /* Products */ = {
			isa = PBXGroup;
			children = (
				702BC11124861F3B0026DE4B /* pokeBook.app */,
			);
			name = Products;
			sourceTree = "<group>";
		};
		702BC11324861F3B0026DE4B /* pokeBook */ = {
			isa = PBXGroup;
			children = (
				702BC12C248620C80026DE4B /* Model */,
				702BC12B248620C40026DE4B /* Utils */,
				702BC12A248620C20026DE4B /* Services */,
				702BC129248620BF0026DE4B /* Views */,
				702BC128248620B30026DE4B /* Controllers */,
				702BC11424861F3B0026DE4B /* AppDelegate.swift */,
				702BC11624861F3B0026DE4B /* SceneDelegate.swift */,
				702BC11A24861F3B0026DE4B /* Main.storyboard */,
				702BC11D24861F400026DE4B /* Assets.xcassets */,
				702BC11F24861F400026DE4B /* LaunchScreen.storyboard */,
				702BC12224861F400026DE4B /* Info.plist */,
			);
			path = pokeBook;
			sourceTree = "<group>";
		};
		702BC128248620B30026DE4B /* Controllers */ = {
			isa = PBXGroup;
			children = (
				702BC12D248620F60026DE4B /* PokeBookController.swift */,
				70E3A5FF2493720A00D92AF5 /* PokemonDetailController.swift */,
			);
			path = Controllers;
			sourceTree = "<group>";
		};
		702BC129248620BF0026DE4B /* Views */ = {
			isa = PBXGroup;
			children = (
				702BC1312486234F0026DE4B /* PokemonCell.swift */,
				70CA7102248EA7850086F3E7 /* InfoView.swift */,
			);
			path = Views;
			sourceTree = "<group>";
		};
		702BC12A248620C20026DE4B /* Services */ = {
			isa = PBXGroup;
			children = (
				702BC133248626D70026DE4B /* PokemonService.swift */,
			);
			path = Services;
			sourceTree = "<group>";
		};
		702BC12B248620C40026DE4B /* Utils */ = {
			isa = PBXGroup;
			children = (
				702BC12F248622040026DE4B /* Extensions.swift */,
			);
			path = Utils;
			sourceTree = "<group>";
		};
		702BC12C248620C80026DE4B /* Model */ = {
			isa = PBXGroup;
			children = (
				702BC135248626EB0026DE4B /* Pokemon.swift */,
			);
			path = Model;
			sourceTree = "<group>";
		};
		AFB40840B8E6C8A1E69A4481 /* Frameworks */ = {
			isa = PBXGroup;
			children = (
				EF2D5ACFD1C27937635BE95B /* Pods_pokeBook.framework */,
			);
			name = Frameworks;
			sourceTree = "<group>";
		};
/* End PBXGroup section */

/* Begin PBXNativeTarget section */
		702BC11024861F3B0026DE4B /* pokeBook */ = {
			isa = PBXNativeTarget;
			buildConfigurationList = 702BC12524861F400026DE4B /* Build configuration list for PBXNativeTarget "pokeBook" */;
			buildPhases = (
				DD489B4462B239168F083FF6 /* [CP] Check Pods Manifest.lock */,
				702BC10D24861F3B0026DE4B /* Sources */,
				702BC10E24861F3B0026DE4B /* Frameworks */,
				702BC10F24861F3B0026DE4B /* Resources */,
				8E559C9A29420C58C2B17759 /* [CP] Embed Pods Frameworks */,
			);
			buildRules = (
			);
			dependencies = (
			);
			name = pokeBook;
			productName = pokeBook;
			productReference = 702BC11124861F3B0026DE4B /* pokeBook.app */;
			productType = "com.apple.product-type.application";
		};
/* End PBXNativeTarget section */

/* Begin PBXProject section */
		702BC10924861F3B0026DE4B /* Project object */ = {
			isa = PBXProject;
			attributes = {
				LastSwiftUpdateCheck = 1140;
				LastUpgradeCheck = 1140;
				ORGANIZATIONNAME = "Mac circle";
				TargetAttributes = {
					702BC11024861F3B0026DE4B = {
						CreatedOnToolsVersion = 11.4.1;
					};
				};
			};
			buildConfigurationList = 702BC10C24861F3B0026DE4B /* Build configuration list for PBXProject "pokeBook" */;
			compatibilityVersion = "Xcode 9.3";
			developmentRegion = en;
			hasScannedForEncodings = 0;
			knownRegions = (
				en,
				Base,
			);
			mainGroup = 702BC10824861F3B0026DE4B;
			productRefGroup = 702BC11224861F3B0026DE4B /* Products */;
			projectDirPath = "";
			projectRoot = "";
			targets = (
				702BC11024861F3B0026DE4B /* pokeBook */,
			);
		};
/* End PBXProject section */

/* Begin PBXResourcesBuildPhase section */
		702BC10F24861F3B0026DE4B /* Resources */ = {
			isa = PBXResourcesBuildPhase;
			buildActionMask = 2147483647;
			files = (
				702BC12124861F400026DE4B /* LaunchScreen.storyboard in Resources */,
				702BC11E24861F400026DE4B /* Assets.xcassets in Resources */,
				702BC11C24861F3B0026DE4B /* Main.storyboard in Resources */,
			);
			runOnlyForDeploymentPostprocessing = 0;
		};
/* End PBXResourcesBuildPhase section */

/* Begin PBXShellScriptBuildPhase section */
		8E559C9A29420C58C2B17759 /* [CP] Embed Pods Frameworks */ = {
			isa = PBXShellScriptBuildPhase;
			buildActionMask = 2147483647;
			files = (
			);
			inputFileListPaths = (
				"${PODS_ROOT}/Target Support Files/Pods-pokeBook/Pods-pokeBook-frameworks-${CONFIGURATION}-input-files.xcfilelist",
			);
			name = "[CP] Embed Pods Frameworks";
			outputFileListPaths = (
				"${PODS_ROOT}/Target Support Files/Pods-pokeBook/Pods-pokeBook-frameworks-${CONFIGURATION}-output-files.xcfilelist",
			);
			runOnlyForDeploymentPostprocessing = 0;
			shellPath = /bin/sh;
			shellScript = "\"${PODS_ROOT}/Target Support Files/Pods-pokeBook/Pods-pokeBook-frameworks.sh\"\n";
			showEnvVarsInLog = 0;
		};
		DD489B4462B239168F083FF6 /* [CP] Check Pods Manifest.lock */ = {
			isa = PBXShellScriptBuildPhase;
			buildActionMask = 2147483647;
			files = (
			);
			inputFileListPaths = (
			);
			inputPaths = (
				"${PODS_PODFILE_DIR_PATH}/Podfile.lock",
				"${PODS_ROOT}/Manifest.lock",
			);
			name = "[CP] Check Pods Manifest.lock";
			outputFileListPaths = (
			);
			outputPaths = (
				"$(DERIVED_FILE_DIR)/Pods-pokeBook-checkManifestLockResult.txt",
			);
			runOnlyForDeploymentPostprocessing = 0;
			shellPath = /bin/sh;
			shellScript = "diff \"${PODS_PODFILE_DIR_PATH}/Podfile.lock\" \"${PODS_ROOT}/Manifest.lock\" > /dev/null\nif [ $? != 0 ] ; then\n    # print error to STDERR\n    echo \"error: The sandbox is not in sync with the Podfile.lock. Run 'pod install' or update your CocoaPods installation.\" >&2\n    exit 1\nfi\n# This output is used by Xcode 'outputs' to avoid re-running this script phase.\necho \"SUCCESS\" > \"${SCRIPT_OUTPUT_FILE_0}\"\n";
			showEnvVarsInLog = 0;
		};
/* End PBXShellScriptBuildPhase section */

/* Begin PBXSourcesBuildPhase section */
		702BC10D24861F3B0026DE4B /* Sources */ = {
			isa = PBXSourcesBuildPhase;
			buildActionMask = 2147483647;
			files = (
				70CA7103248EA7850086F3E7 /* InfoView.swift in Sources */,
				702BC136248626EB0026DE4B /* Pokemon.swift in Sources */,
				702BC1322486234F0026DE4B /* PokemonCell.swift in Sources */,
				70E3A6002493720A00D92AF5 /* PokemonDetailController.swift in Sources */,
				702BC12E248620F60026DE4B /* PokeBookController.swift in Sources */,
				702BC11524861F3B0026DE4B /* AppDelegate.swift in Sources */,
				702BC11724861F3B0026DE4B /* SceneDelegate.swift in Sources */,
				702BC130248622040026DE4B /* Extensions.swift in Sources */,
				702BC134248626D70026DE4B /* PokemonService.swift in Sources */,
			);
			runOnlyForDeploymentPostprocessing = 0;
		};
/* End PBXSourcesBuildPhase section */

/* Begin PBXVariantGroup section */
		702BC11A24861F3B0026DE4B /* Main.storyboard */ = {
			isa = PBXVariantGroup;
			children = (
				702BC11B24861F3B0026DE4B /* Base */,
			);
			name = Main.storyboard;
			sourceTree = "<group>";
		};
		702BC11F24861F400026DE4B /* LaunchScreen.storyboard */ = {
			isa = PBXVariantGroup;
			children = (
				702BC12024861F400026DE4B /* Base */,
			);
			name = LaunchScreen.storyboard;
			sourceTree = "<group>";
		};
/* End PBXVariantGroup section */

/* Begin XCBuildConfiguration section */
		702BC12324861F400026DE4B /* Debug */ = {
			isa = XCBuildConfiguration;
			buildSettings = {
				ALWAYS_SEARCH_USER_PATHS = NO;
				CLANG_ANALYZER_NONNULL = YES;
				CLANG_ANALYZER_NUMBER_OBJECT_CONVERSION = YES_AGGRESSIVE;
				CLANG_CXX_LANGUAGE_STANDARD = "gnu++14";
				CLANG_CXX_LIBRARY = "libc++";
				CLANG_ENABLE_MODULES = YES;
				CLANG_ENABLE_OBJC_ARC = YES;
				CLANG_ENABLE_OBJC_WEAK = YES;
				CLANG_WARN_BLOCK_CAPTURE_AUTORELEASING = YES;
				CLANG_WARN_BOOL_CONVERSION = YES;
				CLANG_WARN_COMMA = YES;
				CLANG_WARN_CONSTANT_CONVERSION = YES;
				CLANG_WARN_DEPRECATED_OBJC_IMPLEMENTATIONS = YES;
				CLANG_WARN_DIRECT_OBJC_ISA_USAGE = YES_ERROR;
				CLANG_WARN_DOCUMENTATION_COMMENTS = YES;
				CLANG_WARN_EMPTY_BODY = YES;
				CLANG_WARN_ENUM_CONVERSION = YES;
				CLANG_WARN_INFINITE_RECURSION = YES;
				CLANG_WARN_INT_CONVERSION = YES;
				CLANG_WARN_NON_LITERAL_NULL_CONVERSION = YES;
				CLANG_WARN_OBJC_IMPLICIT_RETAIN_SELF = YES;
				CLANG_WARN_OBJC_LITERAL_CONVERSION = YES;
				CLANG_WARN_OBJC_ROOT_CLASS = YES_ERROR;
				CLANG_WARN_RANGE_LOOP_ANALYSIS = YES;
				CLANG_WARN_STRICT_PROTOTYPES = YES;
				CLANG_WARN_SUSPICIOUS_MOVE = YES;
				CLANG_WARN_UNGUARDED_AVAILABILITY = YES_AGGRESSIVE;
				CLANG_WARN_UNREACHABLE_CODE = YES;
				CLANG_WARN__DUPLICATE_METHOD_MATCH = YES;
				COPY_PHASE_STRIP = NO;
				DEBUG_INFORMATION_FORMAT = dwarf;
				ENABLE_STRICT_OBJC_MSGSEND = YES;
				ENABLE_TESTABILITY = YES;
				GCC_C_LANGUAGE_STANDARD = gnu11;
				GCC_DYNAMIC_NO_PIC = NO;
				GCC_NO_COMMON_BLOCKS = YES;
				GCC_OPTIMIZATION_LEVEL = 0;
				GCC_PREPROCESSOR_DEFINITIONS = (
					"DEBUG=1",
					"$(inherited)",
				);
				GCC_WARN_64_TO_32_BIT_CONVERSION = YES;
				GCC_WARN_ABOUT_RETURN_TYPE = YES_ERROR;
				GCC_WARN_UNDECLARED_SELECTOR = YES;
				GCC_WARN_UNINITIALIZED_AUTOS = YES_AGGRESSIVE;
				GCC_WARN_UNUSED_FUNCTION = YES;
				GCC_WARN_UNUSED_VARIABLE = YES;
				IPHONEOS_DEPLOYMENT_TARGET = 13.4;
				MTL_ENABLE_DEBUG_INFO = INCLUDE_SOURCE;
				MTL_FAST_MATH = YES;
				ONLY_ACTIVE_ARCH = YES;
				SDKROOT = iphoneos;
				SWIFT_ACTIVE_COMPILATION_CONDITIONS = DEBUG;
				SWIFT_OPTIMIZATION_LEVEL = "-Onone";
			};
			name = Debug;
		};
		702BC12424861F400026DE4B /* Release */ = {
			isa = XCBuildConfiguration;
			buildSettings = {
				ALWAYS_SEARCH_USER_PATHS = NO;
				CLANG_ANALYZER_NONNULL = YES;
				CLANG_ANALYZER_NUMBER_OBJECT_CONVERSION = YES_AGGRESSIVE;
				CLANG_CXX_LANGUAGE_STANDARD = "gnu++14";
				CLANG_CXX_LIBRARY = "libc++";
				CLANG_ENABLE_MODULES = YES;
				CLANG_ENABLE_OBJC_ARC = YES;
				CLANG_ENABLE_OBJC_WEAK = YES;
				CLANG_WARN_BLOCK_CAPTURE_AUTORELEASING = YES;
				CLANG_WARN_BOOL_CONVERSION = YES;
				CLANG_WARN_COMMA = YES;
				CLANG_WARN_CONSTANT_CONVERSION = YES;
				CLANG_WARN_DEPRECATED_OBJC_IMPLEMENTATIONS = YES;
				CLANG_WARN_DIRECT_OBJC_ISA_USAGE = YES_ERROR;
				CLANG_WARN_DOCUMENTATION_COMMENTS = YES;
				CLANG_WARN_EMPTY_BODY = YES;
				CLANG_WARN_ENUM_CONVERSION = YES;
				CLANG_WARN_INFINITE_RECURSION = YES;
				CLANG_WARN_INT_CONVERSION = YES;
				CLANG_WARN_NON_LITERAL_NULL_CONVERSION = YES;
				CLANG_WARN_OBJC_IMPLICIT_RETAIN_SELF = YES;
				CLANG_WARN_OBJC_LITERAL_CONVERSION = YES;
				CLANG_WARN_OBJC_ROOT_CLASS = YES_ERROR;
				CLANG_WARN_RANGE_LOOP_ANALYSIS = YES;
				CLANG_WARN_STRICT_PROTOTYPES = YES;
				CLANG_WARN_SUSPICIOUS_MOVE = YES;
				CLANG_WARN_UNGUARDED_AVAILABILITY = YES_AGGRESSIVE;
				CLANG_WARN_UNREACHABLE_CODE = YES;
				CLANG_WARN__DUPLICATE_METHOD_MATCH = YES;
				COPY_PHASE_STRIP = NO;
				DEBUG_INFORMATION_FORMAT = "dwarf-with-dsym";
				ENABLE_NS_ASSERTIONS = NO;
				ENABLE_STRICT_OBJC_MSGSEND = YES;
				GCC_C_LANGUAGE_STANDARD = gnu11;
				GCC_NO_COMMON_BLOCKS = YES;
				GCC_WARN_64_TO_32_BIT_CONVERSION = YES;
				GCC_WARN_ABOUT_RETURN_TYPE = YES_ERROR;
				GCC_WARN_UNDECLARED_SELECTOR = YES;
				GCC_WARN_UNINITIALIZED_AUTOS = YES_AGGRESSIVE;
				GCC_WARN_UNUSED_FUNCTION = YES;
				GCC_WARN_UNUSED_VARIABLE = YES;
				IPHONEOS_DEPLOYMENT_TARGET = 13.4;
				MTL_ENABLE_DEBUG_INFO = NO;
				MTL_FAST_MATH = YES;
				SDKROOT = iphoneos;
				SWIFT_COMPILATION_MODE = wholemodule;
				SWIFT_OPTIMIZATION_LEVEL = "-O";
				VALIDATE_PRODUCT = YES;
			};
			name = Release;
		};
		702BC12624861F400026DE4B /* Debug */ = {
			isa = XCBuildConfiguration;
			baseConfigurationReference = A81C10FB1EB5EFCB464B7FC1 /* Pods-pokeBook.debug.xcconfig */;
			buildSettings = {
				ASSETCATALOG_COMPILER_APPICON_NAME = AppIcon;
				CODE_SIGN_STYLE = Automatic;
				DEVELOPMENT_TEAM = YV58Q28W8Z;
				INFOPLIST_FILE = pokeBook/Info.plist;
				LD_RUNPATH_SEARCH_PATHS = (
					"$(inherited)",
					"@executable_path/Frameworks",
				);
				PRODUCT_BUNDLE_IDENTIFIER = com.maccircle.pokeBook;
				PRODUCT_NAME = "$(TARGET_NAME)";
				SWIFT_VERSION = 5.0;
				TARGETED_DEVICE_FAMILY = "1,2";
			};
			name = Debug;
		};
		702BC12724861F400026DE4B /* Release */ = {
			isa = XCBuildConfiguration;
			baseConfigurationReference = 5EEF666157615E27F2B13D97 /* Pods-pokeBook.release.xcconfig */;
			buildSettings = {
				ASSETCATALOG_COMPILER_APPICON_NAME = AppIcon;
				CODE_SIGN_STYLE = Automatic;
				DEVELOPMENT_TEAM = YV58Q28W8Z;
				INFOPLIST_FILE = pokeBook/Info.plist;
				LD_RUNPATH_SEARCH_PATHS = (
					"$(inherited)",
					"@executable_path/Frameworks",
				);
				PRODUCT_BUNDLE_IDENTIFIER = com.maccircle.pokeBook;
				PRODUCT_NAME = "$(TARGET_NAME)";
				SWIFT_VERSION = 5.0;
				TARGETED_DEVICE_FAMILY = "1,2";
			};
			name = Release;
		};
/* End XCBuildConfiguration section */

/* Begin XCConfigurationList section */
		702BC10C24861F3B0026DE4B /* Build configuration list for PBXProject "pokeBook" */ = {
			isa = XCConfigurationList;
			buildConfigurations = (
				702BC12324861F400026DE4B /* Debug */,
				702BC12424861F400026DE4B /* Release */,
			);
			defaultConfigurationIsVisible = 0;
			defaultConfigurationName = Release;
		};
		702BC12524861F400026DE4B /* Build configuration list for PBXNativeTarget "pokeBook" */ = {
			isa = XCConfigurationList;
			buildConfigurations = (
				702BC12624861F400026DE4B /* Debug */,
				702BC12724861F400026DE4B /* Release */,
			);
			defaultConfigurationIsVisible = 0;
			defaultConfigurationName = Release;
		};
/* End XCConfigurationList section */
	};
	rootObject = 702BC10924861F3B0026DE4B /* Project object */;
}
